{
  "nodes": {
    "drastikbot": {
      "flake": false,
      "locked": {
        "lastModified": 1596211584,
        "narHash": "sha256-1L8vTE1YEhFWzY5RYb+s5Hb4LrVJNN2leKlZEugEyRU=",
        "owner": "olagood",
        "repo": "drastikbot",
        "rev": "ef72e3afe7602d95c8b014202e220f04796900ab",
        "type": "github"
      },
      "original": {
        "owner": "olagood",
        "ref": "v2.1",
        "repo": "drastikbot",
        "type": "github"
      }
    },
    "drastikbot_modules": {
      "flake": false,
      "locked": {
        "lastModified": 1619214744,
        "narHash": "sha256-w1164FkRkeyWnx6a95WDbwEUvNkNwFWa/6mhKtgVw0c=",
        "owner": "olagood",
        "repo": "drastikbot_modules",
        "rev": "3af549a8c3f6e55b63758a61a751bebb1b2db3a3",
        "type": "github"
      },
      "original": {
        "owner": "olagood",
        "ref": "v2.1",
        "repo": "drastikbot_modules",
        "type": "github"
      }
    },
    "flake-utils": {
      "locked": {
        "lastModified": 1648297722,
        "narHash": "sha256-W+qlPsiZd8F3XkzXOzAoR+mpFqzm3ekQkJNa+PIh1BQ=",
        "owner": "numtide",
        "repo": "flake-utils",
        "rev": "0f8662f1319ad6abf89b3380dd2722369fc51ade",
        "type": "github"
      },
      "original": {
        "owner": "numtide",
        "repo": "flake-utils",
        "type": "github"
      }
    },
    "nixpkgs": {
      "locked": {
        "lastModified": 1638239011,
        "narHash": "sha256-AjhmbT4UBlJWqxY0ea8a6GU2C2HdKUREkG43oRr3TZg=",
        "owner": "NixOS",
        "repo": "nixpkgs",
        "rev": "a7ecde854aee5c4c7cd6177f54a99d2c1ff28a31",
        "type": "github"
      },
      "original": {
        "owner": "NixOS",
        "ref": "21.11",
        "repo": "nixpkgs",
        "type": "github"
      }
    },
    "root": {
      "inputs": {
        "drastikbot": "drastikbot",
        "drastikbot_modules": "drastikbot_modules",
        "flake-utils": "flake-utils",
        "nixpkgs": "nixpkgs"
      }
    }
  },
  "root": "root",
  "version": 7
}
